dependencies:
- name: frontend
  repository: file://../srv/frontend/helm
  version: 0.11.0
- name: wordd
  repository: file://../srv/wordd/helm
  version: 0.11.0
- name: backend
  repository: file://../srv/backend/helm
  version: 0.11.0
- name: postgresql
  repository: https://charts.bitnami.com/bitnami
  version: 15.5.21
digest: sha256:633cca7f7e694062aed5966642a184262fdd3d3698ab416722be530f8cd746d5
generated: "2026-01-25T14:08:28.818836529-05:00"
