dependencies:
- name: frontend
  repository: file://../srv/frontend/helm
  version: 0.11.0
- name: wordd
  repository: file://../srv/wordd/helm
  version: 0.11.0
- name: dictd
  repository: file://../srv/dictd/helm
  version: 0.11.0
- name: backend
  repository: file://../srv/backend/helm
  version: 0.11.0
- name: postgresql
  repository: https://charts.bitnami.com/bitnami
  version: 15.5.21
digest: sha256:bc7594273a310c51429a293361956b5484271b2a09b70f5c3a83a40901d53921
generated: "2026-01-19T13:21:01.617407067-05:00"
